
Microsoft Visual Studio Solution File, Format Version 12.00
# Visual Studio 15
VisualStudioVersion = 15.0.27130.2020
MinimumVisualStudioVersion = 10.0.40219.1
Project("{FAE04EC0-301F-11D3-BF4B-00C04F79EFBC}") = "Server_K", "Server_K\Server_K.csproj", "{E49A25D1-F5D6-4734-8135-00747A744BC6}"
EndProject
Project("{2150E333-8FDC-42A3-9474-1A3956D46DE8}") = "Solution Items", "Solution Items", "{678FAD4E-6258-4C12-A1CF-2B5F7CB3A362}"
EndProject
Global
	GlobalSection(SolutionConfigurationPlatforms) = preSolution
		Debug|Any CPU = Debug|Any CPU
		Release|Any CPU = Release|Any CPU
	EndGlobalSection
	GlobalSection(ProjectConfigurationPlatforms) = postSolution
		{E49A25D1-F5D6-4734-8135-00747A744BC6}.Debug|Any CPU.ActiveCfg = Debug|Any CPU
		{E49A25D1-F5D6-4734-8135-00747A744BC6}.Debug|Any CPU.Build.0 = Debug|Any CPU
		{E49A25D1-F5D6-4734-8135-00747A744BC6}.Release|Any CPU.ActiveCfg = Release|Any CPU
		{E49A25D1-F5D6-4734-8135-00747A744BC6}.Release|Any CPU.Build.0 = Release|Any CPU
	EndGlobalSection
	GlobalSection(SolutionProperties) = preSolution
		HideSolutionNode = FALSE
	EndGlobalSection
	GlobalSection(ExtensibilityGlobals) = postSolution
		SolutionGuid = {12F922D0-E028-4C44-924C-70D15FA666BF}
	EndGlobalSection
EndGlobal
